// !$*UTF8*$!
{
	archiveVersion = 1;
	classes = {
	};
	objectVersion = 46;
	objects = {

/* Begin PBXBuildFile section */
		867A94EE1908346C00082903 /* otgInfoTableViewController.m in Sources */ = {isa = PBXBuildFile; fileRef = 867A94ED1908346C00082903 /* otgInfoTableViewController.m */; };
		86FD0C0F1903057A0021644C /* Foundation.framework in Frameworks */ = {isa = PBXBuildFile; fileRef = 86FD0C0E1903057A0021644C /* Foundation.framework */; };
		86FD0C111903057A0021644C /* CoreGraphics.framework in Frameworks */ = {isa = PBXBuildFile; fileRef = 86FD0C101903057A0021644C /* CoreGraphics.framework */; };
		86FD0C131903057A0021644C /* UIKit.framework in Frameworks */ = {isa = PBXBuildFile; fileRef = 86FD0C121903057A0021644C /* UIKit.framework */; };
		86FD0C191903057A0021644C /* InfoPlist.strings in Resources */ = {isa = PBXBuildFile; fileRef = 86FD0C171903057A0021644C /* InfoPlist.strings */; };
		86FD0C1B1903057A0021644C /* main.m in Sources */ = {isa = PBXBuildFile; fileRef = 86FD0C1A1903057A0021644C /* main.m */; };
		86FD0C1F1903057A0021644C /* otgAppDelegate.m in Sources */ = {isa = PBXBuildFile; fileRef = 86FD0C1E1903057A0021644C /* otgAppDelegate.m */; };
		86FD0C221903057A0021644C /* Main_iPhone.storyboard in Resources */ = {isa = PBXBuildFile; fileRef = 86FD0C201903057A0021644C /* Main_iPhone.storyboard */; };
		86FD0C251903057A0021644C /* Main_iPad.storyboard in Resources */ = {isa = PBXBuildFile; fileRef = 86FD0C231903057A0021644C /* Main_iPad.storyboard */; };
		86FD0C281903057A0021644C /* otgMainViewController.m in Sources */ = {isa = PBXBuildFile; fileRef = 86FD0C271903057A0021644C /* otgMainViewController.m */; };
		86FD0C2D1903057A0021644C /* Images.xcassets in Resources */ = {isa = PBXBuildFile; fileRef = 86FD0C2C1903057A0021644C /* Images.xcassets */; };
		86FD0C341903057A0021644C /* XCTest.framework in Frameworks */ = {isa = PBXBuildFile; fileRef = 86FD0C331903057A0021644C /* XCTest.framework */; };
		86FD0C351903057A0021644C /* Foundation.framework in Frameworks */ = {isa = PBXBuildFile; fileRef = 86FD0C0E1903057A0021644C /* Foundation.framework */; };
		86FD0C361903057A0021644C /* UIKit.framework in Frameworks */ = {isa = PBXBuildFile; fileRef = 86FD0C121903057A0021644C /* UIKit.framework */; };
		86FD0C3E1903057A0021644C /* InfoPlist.strings in Resources */ = {isa = PBXBuildFile; fileRef = 86FD0C3C1903057A0021644C /* InfoPlist.strings */; };
		86FD0C401903057A0021644C /* OpenTherm_ControllerTests.m in Sources */ = {isa = PBXBuildFile; fileRef = 86FD0C3F1903057A0021644C /* OpenTherm_ControllerTests.m */; };
		DCECE90B823F482188DD6CC7 /* libPods-OpenTherm Controller.a in Frameworks */ = {isa = PBXBuildFile; fileRef = B43F89FD57AB4486B2951206 /* libPods-OpenTherm Controller.a */; };
/* End PBXBuildFile section */

/* Begin PBXContainerItemProxy section */
		86FD0C371903057A0021644C /* PBXContainerItemProxy */ = {
			isa = PBXContainerItemProxy;
			containerPortal = 86FD0C031903057A0021644C /* Project object */;
			proxyType = 1;
			remoteGlobalIDString = 86FD0C0A1903057A0021644C;
			remoteInfo = "OpenTherm Controller";
		};
/* End PBXContainerItemProxy section */

/* Begin PBXFileReference section */
		029E3A37AC364F42934ED179 /* Pods-OpenTherm Controller.xcconfig */ = {isa = PBXFileReference; includeInIndex = 1; lastKnownFileType = text.xcconfig; name = "Pods-OpenTherm Controller.xcconfig"; path = "Pods/Pods-OpenTherm Controller.xcconfig"; sourceTree = "<group>"; };
		867A94EC1908346C00082903 /* otgInfoTableViewController.h */ = {isa = PBXFileReference; fileEncoding = 4; lastKnownFileType = sourcecode.c.h; path = otgInfoTableViewController.h; sourceTree = "<group>"; };
		867A94ED1908346C00082903 /* otgInfoTableViewController.m */ = {isa = PBXFileReference; fileEncoding = 4; lastKnownFileType = sourcecode.c.objc; path = otgInfoTableViewController.m; sourceTree = "<group>"; };
		86FD0C0B1903057A0021644C /* OpenTherm Controller.app */ = {isa = PBXFileReference; explicitFileType = wrapper.application; includeInIndex = 0; path = "OpenTherm Controller.app"; sourceTree = BUILT_PRODUCTS_DIR; };
		86FD0C0E1903057A0021644C /* Foundation.framework */ = {isa = PBXFileReference; lastKnownFileType = wrapper.framework; name = Foundation.framework; path = System/Library/Frameworks/Foundation.framework; sourceTree = SDKROOT; };
		86FD0C101903057A0021644C /* CoreGraphics.framework */ = {isa = PBXFileReference; lastKnownFileType = wrapper.framework; name = CoreGraphics.framework; path = System/Library/Frameworks/CoreGraphics.framework; sourceTree = SDKROOT; };
		86FD0C121903057A0021644C /* UIKit.framework */ = {isa = PBXFileReference; lastKnownFileType = wrapper.framework; name = UIKit.framework; path = System/Library/Frameworks/UIKit.framework; sourceTree = SDKROOT; };
		86FD0C161903057A0021644C /* OpenTherm Controller-Info.plist */ = {isa = PBXFileReference; lastKnownFileType = text.plist.xml; path = "OpenTherm Controller-Info.plist"; sourceTree = "<group>"; };
		86FD0C181903057A0021644C /* en */ = {isa = PBXFileReference; lastKnownFileType = text.plist.strings; name = en; path = en.lproj/InfoPlist.strings; sourceTree = "<group>"; };
		86FD0C1A1903057A0021644C /* main.m */ = {isa = PBXFileReference; lastKnownFileType = sourcecode.c.objc; path = main.m; sourceTree = "<group>"; };
		86FD0C1C1903057A0021644C /* OpenTherm Controller-Prefix.pch */ = {isa = PBXFileReference; lastKnownFileType = sourcecode.c.h; path = "OpenTherm Controller-Prefix.pch"; sourceTree = "<group>"; };
		86FD0C1D1903057A0021644C /* otgAppDelegate.h */ = {isa = PBXFileReference; lastKnownFileType = sourcecode.c.h; path = otgAppDelegate.h; sourceTree = "<group>"; };
		86FD0C1E1903057A0021644C /* otgAppDelegate.m */ = {isa = PBXFileReference; lastKnownFileType = sourcecode.c.objc; path = otgAppDelegate.m; sourceTree = "<group>"; };
		86FD0C211903057A0021644C /* Base */ = {isa = PBXFileReference; lastKnownFileType = file.storyboard; name = Base; path = Base.lproj/Main_iPhone.storyboard; sourceTree = "<group>"; };
		86FD0C241903057A0021644C /* Base */ = {isa = PBXFileReference; lastKnownFileType = file.storyboard; name = Base; path = Base.lproj/Main_iPad.storyboard; sourceTree = "<group>"; };
		86FD0C261903057A0021644C /* otgMainViewController.h */ = {isa = PBXFileReference; lastKnownFileType = sourcecode.c.h; path = otgMainViewController.h; sourceTree = "<group>"; };
		86FD0C271903057A0021644C /* otgMainViewController.m */ = {isa = PBXFileReference; lastKnownFileType = sourcecode.c.objc; path = otgMainViewController.m; sourceTree = "<group>"; };
		86FD0C2C1903057A0021644C /* Images.xcassets */ = {isa = PBXFileReference; lastKnownFileType = folder.assetcatalog; path = Images.xcassets; sourceTree = "<group>"; };
		86FD0C321903057A0021644C /* OpenTherm ControllerTests.xctest */ = {isa = PBXFileReference; explicitFileType = wrapper.cfbundle; includeInIndex = 0; path = "OpenTherm ControllerTests.xctest"; sourceTree = BUILT_PRODUCTS_DIR; };
		86FD0C331903057A0021644C /* XCTest.framework */ = {isa = PBXFileReference; lastKnownFileType = wrapper.framework; name = XCTest.framework; path = Library/Frameworks/XCTest.framework; sourceTree = DEVELOPER_DIR; };
		86FD0C3B1903057A0021644C /* OpenTherm ControllerTests-Info.plist */ = {isa = PBXFileReference; lastKnownFileType = text.plist.xml; path = "OpenTherm ControllerTests-Info.plist"; sourceTree = "<group>"; };
		86FD0C3D1903057A0021644C /* en */ = {isa = PBXFileReference; lastKnownFileType = text.plist.strings; name = en; path = en.lproj/InfoPlist.strings; sourceTree = "<group>"; };
		86FD0C3F1903057A0021644C /* OpenTherm_ControllerTests.m */ = {isa = PBXFileReference; lastKnownFileType = sourcecode.c.objc; path = OpenTherm_ControllerTests.m; sourceTree = "<group>"; };
		B43F89FD57AB4486B2951206 /* libPods-OpenTherm Controller.a */ = {isa = PBXFileReference; explicitFileType = archive.ar; includeInIndex = 0; path = "libPods-OpenTherm Controller.a"; sourceTree = BUILT_PRODUCTS_DIR; };
/* End PBXFileReference section */

/* Begin PBXFrameworksBuildPhase section */
		86FD0C081903057A0021644C /* Frameworks */ = {
			isa = PBXFrameworksBuildPhase;
			buildActionMask = 2147483647;
			files = (
				86FD0C111903057A0021644C /* CoreGraphics.framework in Frameworks */,
				86FD0C131903057A0021644C /* UIKit.framework in Frameworks */,
				86FD0C0F1903057A0021644C /* Foundation.framework in Frameworks */,
				DCECE90B823F482188DD6CC7 /* libPods-OpenTherm Controller.a in Frameworks */,
			);
			runOnlyForDeploymentPostprocessing = 0;
		};
		86FD0C2F1903057A0021644C /* Frameworks */ = {
			isa = PBXFrameworksBuildPhase;
			buildActionMask = 2147483647;
			files = (
				86FD0C341903057A0021644C /* XCTest.framework in Frameworks */,
				86FD0C361903057A0021644C /* UIKit.framework in Frameworks */,
				86FD0C351903057A0021644C /* Foundation.framework in Frameworks */,
			);
			runOnlyForDeploymentPostprocessing = 0;
		};
/* End PBXFrameworksBuildPhase section */

/* Begin PBXGroup section */
		86FD0C021903057A0021644C = {
			isa = PBXGroup;
			children = (
				86FD0C141903057A0021644C /* OpenTherm Controller */,
				86FD0C391903057A0021644C /* OpenTherm ControllerTests */,
				86FD0C0D1903057A0021644C /* Frameworks */,
				86FD0C0C1903057A0021644C /* Products */,
				029E3A37AC364F42934ED179 /* Pods-OpenTherm Controller.xcconfig */,
			);
			sourceTree = "<group>";
		};
		86FD0C0C1903057A0021644C /* Products */ = {
			isa = PBXGroup;
			children = (
				86FD0C0B1903057A0021644C /* OpenTherm Controller.app */,
				86FD0C321903057A0021644C /* OpenTherm ControllerTests.xctest */,
			);
			name = Products;
			sourceTree = "<group>";
		};
		86FD0C0D1903057A0021644C /* Frameworks */ = {
			isa = PBXGroup;
			children = (
				86FD0C0E1903057A0021644C /* Foundation.framework */,
				86FD0C101903057A0021644C /* CoreGraphics.framework */,
				86FD0C121903057A0021644C /* UIKit.framework */,
				86FD0C331903057A0021644C /* XCTest.framework */,
				B43F89FD57AB4486B2951206 /* libPods-OpenTherm Controller.a */,
			);
			name = Frameworks;
			sourceTree = "<group>";
		};
		86FD0C141903057A0021644C /* OpenTherm Controller */ = {
			isa = PBXGroup;
			children = (
				86FD0C1D1903057A0021644C /* otgAppDelegate.h */,
				86FD0C1E1903057A0021644C /* otgAppDelegate.m */,
				86FD0C201903057A0021644C /* Main_iPhone.storyboard */,
				86FD0C231903057A0021644C /* Main_iPad.storyboard */,
				86FD0C261903057A0021644C /* otgMainViewController.h */,
				86FD0C271903057A0021644C /* otgMainViewController.m */,
				86FD0C2C1903057A0021644C /* Images.xcassets */,
				86FD0C151903057A0021644C /* Supporting Files */,
				867A94EC1908346C00082903 /* otgInfoTableViewController.h */,
				867A94ED1908346C00082903 /* otgInfoTableViewController.m */,
			);
			path = "OpenTherm Controller";
			sourceTree = "<group>";
		};
		86FD0C151903057A0021644C /* Supporting Files */ = {
			isa = PBXGroup;
			children = (
				86FD0C161903057A0021644C /* OpenTherm Controller-Info.plist */,
				86FD0C171903057A0021644C /* InfoPlist.strings */,
				86FD0C1A1903057A0021644C /* main.m */,
				86FD0C1C1903057A0021644C /* OpenTherm Controller-Prefix.pch */,
			);
			name = "Supporting Files";
			sourceTree = "<group>";
		};
		86FD0C391903057A0021644C /* OpenTherm ControllerTests */ = {
			isa = PBXGroup;
			children = (
				86FD0C3F1903057A0021644C /* OpenTherm_ControllerTests.m */,
				86FD0C3A1903057A0021644C /* Supporting Files */,
			);
			path = "OpenTherm ControllerTests";
			sourceTree = "<group>";
		};
		86FD0C3A1903057A0021644C /* Supporting Files */ = {
			isa = PBXGroup;
			children = (
				86FD0C3B1903057A0021644C /* OpenTherm ControllerTests-Info.plist */,
				86FD0C3C1903057A0021644C /* InfoPlist.strings */,
			);
			name = "Supporting Files";
			sourceTree = "<group>";
		};
/* End PBXGroup section */

/* Begin PBXNativeTarget section */
		86FD0C0A1903057A0021644C /* OpenTherm Controller */ = {
			isa = PBXNativeTarget;
			buildConfigurationList = 86FD0C431903057A0021644C /* Build configuration list for PBXNativeTarget "OpenTherm Controller" */;
			buildPhases = (
				67C1BCC611484DD28F1E7984 /* Check Pods Manifest.lock */,
				86FD0C071903057A0021644C /* Sources */,
				86FD0C081903057A0021644C /* Frameworks */,
				86FD0C091903057A0021644C /* Resources */,
				E7E149DEAE15482B9F62E7E2 /* Copy Pods Resources */,
			);
			buildRules = (
			);
			dependencies = (
			);
			name = "OpenTherm Controller";
			productName = "OpenTherm Controller";
			productReference = 86FD0C0B1903057A0021644C /* OpenTherm Controller.app */;
			productType = "com.apple.product-type.application";
		};
		86FD0C311903057A0021644C /* OpenTherm ControllerTests */ = {
			isa = PBXNativeTarget;
			buildConfigurationList = 86FD0C461903057A0021644C /* Build configuration list for PBXNativeTarget "OpenTherm ControllerTests" */;
			buildPhases = (
				86FD0C2E1903057A0021644C /* Sources */,
				86FD0C2F1903057A0021644C /* Frameworks */,
				86FD0C301903057A0021644C /* Resources */,
			);
			buildRules = (
			);
			dependencies = (
				86FD0C381903057A0021644C /* PBXTargetDependency */,
			);
			name = "OpenTherm ControllerTests";
			productName = "OpenTherm ControllerTests";
			productReference = 86FD0C321903057A0021644C /* OpenTherm ControllerTests.xctest */;
			productType = "com.apple.product-type.bundle.unit-test";
		};
/* End PBXNativeTarget section */

/* Begin PBXProject section */
		86FD0C031903057A0021644C /* Project object */ = {
			isa = PBXProject;
			attributes = {
				CLASSPREFIX = otg;
				LastUpgradeCheck = 0510;
				ORGANIZATIONNAME = 42Unicorns;
				TargetAttributes = {
					86FD0C311903057A0021644C = {
						TestTargetID = 86FD0C0A1903057A0021644C;
					};
				};
			};
			buildConfigurationList = 86FD0C061903057A0021644C /* Build configuration list for PBXProject "OpenTherm Controller" */;
			compatibilityVersion = "Xcode 3.2";
			developmentRegion = English;
			hasScannedForEncodings = 0;
			knownRegions = (
				en,
				Base,
			);
			mainGroup = 86FD0C021903057A0021644C;
			productRefGroup = 86FD0C0C1903057A0021644C /* Products */;
			projectDirPath = "";
			projectRoot = "";
			targets = (
				86FD0C0A1903057A0021644C /* OpenTherm Controller */,
				86FD0C311903057A0021644C /* OpenTherm ControllerTests */,
			);
		};
/* End PBXProject section */

/* Begin PBXResourcesBuildPhase section */
		86FD0C091903057A0021644C /* Resources */ = {
			isa = PBXResourcesBuildPhase;
			buildActionMask = 2147483647;
			files = (
				86FD0C251903057A0021644C /* Main_iPad.storyboard in Resources */,
				86FD0C2D1903057A0021644C /* Images.xcassets in Resources */,
				86FD0C221903057A0021644C /* Main_iPhone.storyboard in Resources */,
				86FD0C191903057A0021644C /* InfoPlist.strings in Resources */,
			);
			runOnlyForDeploymentPostprocessing = 0;
		};
		86FD0C301903057A0021644C /* Resources */ = {
			isa = PBXResourcesBuildPhase;
			buildActionMask = 2147483647;
			files = (
				86FD0C3E1903057A0021644C /* InfoPlist.strings in Resources */,
			);
			runOnlyForDeploymentPostprocessing = 0;
		};
/* End PBXResourcesBuildPhase section */

/* Begin PBXShellScriptBuildPhase section */
		67C1BCC611484DD28F1E7984 /* Check Pods Manifest.lock */ = {
			isa = PBXShellScriptBuildPhase;
			buildActionMask = 2147483647;
			files = (
			);
			inputPaths = (
			);
			name = "Check Pods Manifest.lock";
			outputPaths = (
			);
			runOnlyForDeploymentPostprocessing = 0;
			shellPath = /bin/sh;
			shellScript = "diff \"${PODS_ROOT}/../Podfile.lock\" \"${PODS_ROOT}/Manifest.lock\" > /dev/null\nif [[ $? != 0 ]] ; then\n    cat << EOM\nerror: The sandbox is not in sync with the Podfile.lock. Run 'pod install' or update your CocoaPods installation.\nEOM\n    exit 1\nfi\n";
			showEnvVarsInLog = 0;
		};
		E7E149DEAE15482B9F62E7E2 /* Copy Pods Resources */ = {
			isa = PBXShellScriptBuildPhase;
			buildActionMask = 2147483647;
			files = (
			);
			inputPaths = (
			);
			name = "Copy Pods Resources";
			outputPaths = (
			);
			runOnlyForDeploymentPostprocessing = 0;
			shellPath = /bin/sh;
			shellScript = "\"${SRCROOT}/Pods/Pods-OpenTherm Controller-resources.sh\"\n";
			showEnvVarsInLog = 0;
		};
/* End PBXShellScriptBuildPhase section */

/* Begin PBXSourcesBuildPhase section */
		86FD0C071903057A0021644C /* Sources */ = {
			isa = PBXSourcesBuildPhase;
			buildActionMask = 2147483647;
			files = (
				867A94EE1908346C00082903 /* otgInfoTableViewController.m in Sources */,
				86FD0C1B1903057A0021644C /* main.m in Sources */,
				86FD0C1F1903057A0021644C /* otgAppDelegate.m in Sources */,
				86FD0C281903057A0021644C /* otgMainViewController.m in Sources */,
			);
			runOnlyForDeploymentPostprocessing = 0;
		};
		86FD0C2E1903057A0021644C /* Sources */ = {
			isa = PBXSourcesBuildPhase;
			buildActionMask = 2147483647;
			files = (
				86FD0C401903057A0021644C /* OpenTherm_ControllerTests.m in Sources */,
			);
			runOnlyForDeploymentPostprocessing = 0;
		};
/* End PBXSourcesBuildPhase section */

/* Begin PBXTargetDependency section */
		86FD0C381903057A0021644C /* PBXTargetDependency */ = {
			isa = PBXTargetDependency;
			target = 86FD0C0A1903057A0021644C /* OpenTherm Controller */;
			targetProxy = 86FD0C371903057A0021644C /* PBXContainerItemProxy */;
		};
/* End PBXTargetDependency section */

/* Begin PBXVariantGroup section */
		86FD0C171903057A0021644C /* InfoPlist.strings */ = {
			isa = PBXVariantGroup;
			children = (
				86FD0C181903057A0021644C /* en */,
			);
			name = InfoPlist.strings;
			sourceTree = "<group>";
		};
		86FD0C201903057A0021644C /* Main_iPhone.storyboard */ = {
			isa = PBXVariantGroup;
			children = (
				86FD0C211903057A0021644C /* Base */,
			);
			name = Main_iPhone.storyboard;
			sourceTree = "<group>";
		};
		86FD0C231903057A0021644C /* Main_iPad.storyboard */ = {
			isa = PBXVariantGroup;
			children = (
				86FD0C241903057A0021644C /* Base */,
			);
			name = Main_iPad.storyboard;
			sourceTree = "<group>";
		};
		86FD0C3C1903057A0021644C /* InfoPlist.strings */ = {
			isa = PBXVariantGroup;
			children = (
				86FD0C3D1903057A0021644C /* en */,
			);
			name = InfoPlist.strings;
			sourceTree = "<group>";
		};
/* End PBXVariantGroup section */

/* Begin XCBuildConfiguration section */
		86FD0C411903057A0021644C /* Debug */ = {
			isa = XCBuildConfiguration;
			buildSettings = {
				ALWAYS_SEARCH_USER_PATHS = NO;
				CLANG_CXX_LANGUAGE_STANDARD = "gnu++0x";
				CLANG_CXX_LIBRARY = "libc++";
				CLANG_ENABLE_MODULES = YES;
				CLANG_ENABLE_OBJC_ARC = YES;
				CLANG_WARN_BOOL_CONVERSION = YES;
				CLANG_WARN_CONSTANT_CONVERSION = YES;
				CLANG_WARN_DIRECT_OBJC_ISA_USAGE = YES_ERROR;
				CLANG_WARN_EMPTY_BODY = YES;
				CLANG_WARN_ENUM_CONVERSION = YES;
				CLANG_WARN_INT_CONVERSION = YES;
				CLANG_WARN_OBJC_ROOT_CLASS = YES_ERROR;
				CLANG_WARN__DUPLICATE_METHOD_MATCH = YES;
				"CODE_SIGN_IDENTITY[sdk=iphoneos*]" = "iPhone Developer";
				COPY_PHASE_STRIP = NO;
				GCC_C_LANGUAGE_STANDARD = gnu99;
				GCC_DYNAMIC_NO_PIC = NO;
				GCC_OPTIMIZATION_LEVEL = 0;
				GCC_PREPROCESSOR_DEFINITIONS = (
					"DEBUG=1",
					"$(inherited)",
				);
				GCC_SYMBOLS_PRIVATE_EXTERN = NO;
				GCC_WARN_64_TO_32_BIT_CONVERSION = YES;
				GCC_WARN_ABOUT_RETURN_TYPE = YES_ERROR;
				GCC_WARN_UNDECLARED_SELECTOR = YES;
				GCC_WARN_UNINITIALIZED_AUTOS = YES_AGGRESSIVE;
				GCC_WARN_UNUSED_FUNCTION = YES;
				GCC_WARN_UNUSED_VARIABLE = YES;
				IPHONEOS_DEPLOYMENT_TARGET = 7.1;
				ONLY_ACTIVE_ARCH = YES;
				SDKROOT = iphoneos;
				TARGETED_DEVICE_FAMILY = "1,2";
			};
			name = Debug;
		};
		86FD0C421903057A0021644C /* Release */ = {
			isa = XCBuildConfiguration;
			buildSettings = {
				ALWAYS_SEARCH_USER_PATHS = NO;
				CLANG_CXX_LANGUAGE_STANDARD = "gnu++0x";
				CLANG_CXX_LIBRARY = "libc++";
				CLANG_ENABLE_MODULES = YES;
				CLANG_ENABLE_OBJC_ARC = YES;
				CLANG_WARN_BOOL_CONVERSION = YES;
				CLANG_WARN_CONSTANT_CONVERSION = YES;
				CLANG_WARN_DIRECT_OBJC_ISA_USAGE = YES_ERROR;
				CLANG_WARN_EMPTY_BODY = YES;
				CLANG_WARN_ENUM_CONVERSION = YES;
				CLANG_WARN_INT_CONVERSION = YES;
				CLANG_WARN_OBJC_ROOT_CLASS = YES_ERROR;
				CLANG_WARN__DUPLICATE_METHOD_MATCH = YES;
				"CODE_SIGN_IDENTITY[sdk=iphoneos*]" = "iPhone Developer";
				COPY_PHASE_STRIP = YES;
				ENABLE_NS_ASSERTIONS = NO;
				GCC_C_LANGUAGE_STANDARD = gnu99;
				GCC_WARN_64_TO_32_BIT_CONVERSION = YES;
				GCC_WARN_ABOUT_RETURN_TYPE = YES_ERROR;
				GCC_WARN_UNDECLARED_SELECTOR = YES;
				GCC_WARN_UNINITIALIZED_AUTOS = YES_AGGRESSIVE;
				GCC_WARN_UNUSED_FUNCTION = YES;
				GCC_WARN_UNUSED_VARIABLE = YES;
				IPHONEOS_DEPLOYMENT_TARGET = 7.1;
				SDKROOT = iphoneos;
				TARGETED_DEVICE_FAMILY = "1,2";
				VALIDATE_PRODUCT = YES;
			};
			name = Release;
		};
		86FD0C441903057A0021644C /* Debug */ = {
			isa = XCBuildConfiguration;
			baseConfigurationReference = 029E3A37AC364F42934ED179 /* Pods-OpenTherm Controller.xcconfig */;
			buildSettings = {
				ASSETCATALOG_COMPILER_APPICON_NAME = AppIcon;
				ASSETCATALOG_COMPILER_LAUNCHIMAGE_NAME = LaunchImage;
				GCC_PRECOMPILE_PREFIX_HEADER = YES;
				GCC_PREFIX_HEADER = "OpenTherm Controller/OpenTherm Controller-Prefix.pch";
				INFOPLIST_FILE = "OpenTherm Controller/OpenTherm Controller-Info.plist";
				PRODUCT_NAME = "$(TARGET_NAME)";
				WRAPPER_EXTENSION = app;
			};
			name = Debug;
		};
		86FD0C451903057A0021644C /* Release */ = {
			isa = XCBuildConfiguration;
			baseConfigurationReference = 029E3A37AC364F42934ED179 /* Pods-OpenTherm Controller.xcconfig */;
			buildSettings = {
				ASSETCATALOG_COMPILER_APPICON_NAME = AppIcon;
				ASSETCATALOG_COMPILER_LAUNCHIMAGE_NAME = LaunchImage;
				GCC_PRECOMPILE_PREFIX_HEADER = YES;
				GCC_PREFIX_HEADER = "OpenTherm Controller/OpenTherm Controller-Prefix.pch";
				INFOPLIST_FILE = "OpenTherm Controller/OpenTherm Controller-Info.plist";
				PRODUCT_NAME = "$(TARGET_NAME)";
				WRAPPER_EXTENSION = app;
			};
			name = Release;
		};
		86FD0C471903057A0021644C /* Debug */ = {
			isa = XCBuildConfiguration;
			buildSettings = {
				BUNDLE_LOADER = "$(BUILT_PRODUCTS_DIR)/OpenTherm Controller.app/OpenTherm Controller";
				FRAMEWORK_SEARCH_PATHS = (
					"$(SDKROOT)/Developer/Library/Frameworks",
					"$(inherited)",
					"$(DEVELOPER_FRAMEWORKS_DIR)",
				);
				GCC_PRECOMPILE_PREFIX_HEADER = YES;
				GCC_PREFIX_HEADER = "OpenTherm Controller/OpenTherm Controller-Prefix.pch";
				GCC_PREPROCESSOR_DEFINITIONS = (
					"DEBUG=1",
					"$(inherited)",
				);
				INFOPLIST_FILE = "OpenTherm ControllerTests/OpenTherm ControllerTests-Info.plist";
				PRODUCT_NAME = "$(TARGET_NAME)";
				TEST_HOST = "$(BUNDLE_LOADER)";
				WRAPPER_EXTENSION = xctest;
			};
			name = Debug;
		};
		86FD0C481903057A0021644C /* Release */ = {
			isa = XCBuildConfiguration;
			buildSettings = {
				BUNDLE_LOADER = "$(BUILT_PRODUCTS_DIR)/OpenTherm Controller.app/OpenTherm Controller";
				FRAMEWORK_SEARCH_PATHS = (
					"$(SDKROOT)/Developer/Library/Frameworks",
					"$(inherited)",
					"$(DEVELOPER_FRAMEWORKS_DIR)",
				);
				GCC_PRECOMPILE_PREFIX_HEADER = YES;
				GCC_PREFIX_HEADER = "OpenTherm Controller/OpenTherm Controller-Prefix.pch";
				INFOPLIST_FILE = "OpenTherm ControllerTests/OpenTherm ControllerTests-Info.plist";
				PRODUCT_NAME = "$(TARGET_NAME)";
				TEST_HOST = "$(BUNDLE_LOADER)";
				WRAPPER_EXTENSION = xctest;
			};
			name = Release;
		};
/* End XCBuildConfiguration section */

/* Begin XCConfigurationList section */
		86FD0C061903057A0021644C /* Build configuration list for PBXProject "OpenTherm Controller" */ = {
			isa = XCConfigurationList;
			buildConfigurations = (
				86FD0C411903057A0021644C /* Debug */,
				86FD0C421903057A0021644C /* Release */,
			);
			defaultConfigurationIsVisible = 0;
			defaultConfigurationName = Release;
		};
		86FD0C431903057A0021644C /* Build configuration list for PBXNativeTarget "OpenTherm Controller" */ = {
			isa = XCConfigurationList;
			buildConfigurations = (
				86FD0C441903057A0021644C /* Debug */,
				86FD0C451903057A0021644C /* Release */,
			);
			defaultConfigurationIsVisible = 0;
			defaultConfigurationName = Release;
		};
		86FD0C461903057A0021644C /* Build configuration list for PBXNativeTarget "OpenTherm ControllerTests" */ = {
			isa = XCConfigurationList;
			buildConfigurations = (
				86FD0C471903057A0021644C /* Debug */,
				86FD0C481903057A0021644C /* Release */,
			);
			defaultConfigurationIsVisible = 0;
			defaultConfigurationName = Release;
		};
/* End XCConfigurationList section */
	};
	rootObject = 86FD0C031903057A0021644C /* Project object */;
}
